<?xml version="1.0" encoding="utf-8"?>
<Project ToolsVersion="4.0" xmlns="http://schemas.microsoft.com/developer/msbuild/2003">
  <ItemGroup>
    <ClCompile Include="main.cpp" />
    <ClCompile Include="shader.cpp" />
    <ClCompile Include="image\image_DXT.c" />
    <ClCompile Include="image\image_helper.c" />
    <ClCompile Include="image\SOIL.c" />
    <ClCompile Include="image\stb_image_aug.c" />
  </ItemGroup>
  <ItemGroup>
    <ClInclude Include="shader.h" />
    <ClInclude Include="image\image_DXT.h" />
    <ClInclude Include="image\image_helper.h" />
    <ClInclude Include="image\SOIL.h" />
    <ClInclude Include="image\stb_image_aug.h" />
    <ClInclude Include="image\stbi_DDS_aug.h" />
    <ClInclude Include="image\stbi_DDS_aug_c.h" />
  </ItemGroup>
</Project>